# THIS IS AN AUTOGENERATED FILE. DO NOT EDIT THIS FILE DIRECTLY.
# yarn lockfile v1
chart.js@^2.6.0:
  version "2.7.2"
  resolved "https://registry.yarnpkg.com/chart.js/-/chart.js-2.7.2.tgz#3c9fde4dc5b95608211bdefeda7e5d33dffa5714"
  dependencies:
    chartjs-color "^2.1.0"
    moment "^2.10.2"

chartjs-color-string@^0.5.0:
  version "0.5.0"
  resolved "https://registry.yarnpkg.com/chartjs-color-string/-/chartjs-color-string-0.5.0.tgz#8d3752d8581d86687c35bfe2cb80ac5213ceb8c1"
  dependencies:
    color-name "^1.0.0"

chartjs-color@^2.1.0:
  version "2.2.0"
  resolved "https://registry.yarnpkg.com/chartjs-color/-/chartjs-color-2.2.0.tgz#84a2fb755787ed85c39dd6dd8c7b1d88429baeae"
  dependencies:
    chartjs-color-string "^0.5.0"
    color-convert "^0.5.3"

color-convert@^0.5.3:
  version "0.5.3"
  resolved "https://registry.yarnpkg.com/color-convert/-/color-convert-0.5.3.tgz#bdb6c69ce660fadffe0b0007cc447e1b9f7282bd"

color-name@^1.0.0:
  version "1.1.3"
  resolved "https://registry.yarnpkg.com/color-name/-/color-name-1.1.3.tgz#a7d0558bd89c42f795dd42328f740831ca53bc25"

moment@^2.10.2:
  version "2.22.2"
  resolved "https://registry.yarnpkg.com/moment/-/moment-2.22.2.tgz#3c257f9839fc0e93ff53149632239eb90783ff66"

read-big-file:
  version "1.0.0"
  resolved "https://registry.yarnpkg.com/read-big-file/-/read-big-file-1.0.0.tgz#cc9a0e8d5b210c844362321f914a99c86c6617e6"

vue:
  version "2.5.16"
  resolved "https://registry.yarnpkg.com/vue/-/vue-2.5.16.tgz#07edb75e8412aaeed871ebafa99f4672584a0085"

vue-chart-js:
  version "1.4.1"
  resolved "https://registry.yarnpkg.com/vue-chart-js/-/vue-chart-js-1.4.1.tgz#c136a85b5eaccb5a281e5211108671d715dea3ce"
  dependencies:
    chart.js "^2.6.0"

vue-class-component, vue-class-component@^6.2.0:
  version "6.2.0"
  resolved "https://registry.yarnpkg.com/vue-class-component/-/vue-class-component-6.2.0.tgz#7adb1daa9a868c75f30f97f33f4f1b94aee62089"

vue-material:
  version "1.0.0-beta-10.2"
  resolved "https://registry.yarnpkg.com/vue-material/-/vue-material-1.0.0-beta-10.2.tgz#c3effea97e0c5a0c696b0051d5ef9c6e6cf2a5ed"

vue-property-decorator:
  version "7.0.0"
  resolved "https://registry.yarnpkg.com/vue-property-decorator/-/vue-property-decorator-7.0.0.tgz#46f53dd741eb86c3af091bb0492400c450eebf19"
  dependencies:
    vue-class-component "^6.2.0"

vue-router:
  version "3.0.1"
  resolved "https://registry.yarnpkg.com/vue-router/-/vue-router-3.0.1.tgz#d9b05ad9c7420ba0f626d6500d693e60092cc1e9"

vuex, vuex@^3.0.0:
  version "3.0.1"
  resolved "https://registry.yarnpkg.com/vuex/-/vuex-3.0.1.tgz#e761352ebe0af537d4bb755a9b9dc4be3df7efd2"

vuex-typex:
  version "3.0.1"
  resolved "https://registry.yarnpkg.com/vuex-typex/-/vuex-typex-3.0.1.tgz#f54619d76081e2bd902120d145284a3ba0a95758"
  dependencies:
    vuex "^3.0.0"

